{
  "nodes": {
    "fenix": {
      "inputs": {
        "nixpkgs": "nixpkgs",
        "rust-analyzer-src": "rust-analyzer-src"
      },
      "locked": {
        "lastModified": 1690870967,
        "narHash": "sha256-zIlq3ls5qSuMVKFKKkR+s30L84tP1iiG3OSq0jkszpw=",
        "owner": "nix-community",
        "repo": "fenix",
        "rev": "260b00254fc152885283b0d2aec78547a1f77efd",
        "type": "github"
      },
      "original": {
        "owner": "nix-community",
        "repo": "fenix",
        "type": "github"
      }
    },
    "flake-utils": {
      "inputs": {
        "systems": "systems"
      },
      "locked": {
        "lastModified": 1689068808,
        "narHash": "sha256-6ixXo3wt24N/melDWjq70UuHQLxGV8jZvooRanIHXw0=",
        "owner": "numtide",
        "repo": "flake-utils",
        "rev": "919d646de7be200f3bf08cb76ae1f09402b6f9b4",
        "type": "github"
      },
      "original": {
        "owner": "numtide",
        "repo": "flake-utils",
        "type": "github"
      }
    },
    "naersk": {
      "inputs": {
        "nixpkgs": [
          "nixpkgs"
        ]
      },
      "locked": {
        "lastModified": 1690373729,
        "narHash": "sha256-e136hTT7LqQ2QjOTZQMW+jnsevWwBpMj78u6FRUsH9I=",
        "owner": "nix-community",
        "repo": "naersk",
        "rev": "d9a33d69a9c421d64c8d925428864e93be895dcc",
        "type": "github"
      },
      "original": {
        "owner": "nix-community",
        "repo": "naersk",
        "type": "github"
      }
    },
    "nixpkgs": {
      "locked": {
        "lastModified": 1690789960,
        "narHash": "sha256-3K+2HuyGTiJUSZNJxXXvc0qj4xFx1FHC/ItYtEa7/Xs=",
        "owner": "nixos",
        "repo": "nixpkgs",
        "rev": "fb942492b7accdee4e6d17f5447091c65897dde4",
        "type": "github"
      },
      "original": {
        "owner": "nixos",
        "ref": "nixos-unstable",
        "repo": "nixpkgs",
        "type": "github"
      }
    },
    "nixpkgs_2": {
      "locked": {
        "lastModified": 1690789960,
        "narHash": "sha256-3K+2HuyGTiJUSZNJxXXvc0qj4xFx1FHC/ItYtEa7/Xs=",
        "owner": "nixos",
        "repo": "nixpkgs",
        "rev": "fb942492b7accdee4e6d17f5447091c65897dde4",
        "type": "github"
      },
      "original": {
        "owner": "nixos",
        "ref": "nixos-unstable",
        "repo": "nixpkgs",
        "type": "github"
      }
    },
    "root": {
      "inputs": {
        "fenix": "fenix",
        "flake-utils": "flake-utils",
        "naersk": "naersk",
        "nixpkgs": "nixpkgs_2"
      }
    },
    "rust-analyzer-src": {
      "flake": false,
      "locked": {
        "lastModified": 1690816174,
        "narHash": "sha256-w+lIxLQjCjt4ABS7V5YhgVVoCfBBphAFLi9lahjuWA4=",
        "owner": "rust-lang",
        "repo": "rust-analyzer",
        "rev": "8202b5aaa7739eb9aa7a0c6a375857c971357748",
        "type": "github"
      },
      "original": {
        "owner": "rust-lang",
        "ref": "nightly",
        "repo": "rust-analyzer",
        "type": "github"
      }
    },
    "systems": {
      "locked": {
        "lastModified": 1681028828,
        "narHash": "sha256-Vy1rq5AaRuLzOxct8nz4T6wlgyUR7zLU309k9mBC768=",
        "owner": "nix-systems",
        "repo": "default",
        "rev": "da67096a3b9bf56a91d16901293e51ba5b49a27e",
        "type": "github"
      },
      "original": {
        "owner": "nix-systems",
        "repo": "default",
        "type": "github"
      }
    }
  },
  "root": "root",
  "version": 7
}
